
Microsoft Visual Studio Solution File, Format Version 12.00
# Visual Studio Version 16
VisualStudioVersion = 16.0.30907.101
MinimumVisualStudioVersion = 10.0.40219.1
Project("{9A19103F-16F7-4668-BE54-9A1E7A4F7556}") = "docui", "docui.csproj", "{ABFFB5A8-91FD-49FC-BFFC-C2D20CEDA0C7}"
EndProject
Global
	GlobalSection(SolutionConfigurationPlatforms) = preSolution
		Debug|Any CPU = Debug|Any CPU
		Release|Any CPU = Release|Any CPU
	EndGlobalSection
	GlobalSection(ProjectConfigurationPlatforms) = postSolution
		{ABFFB5A8-91FD-49FC-BFFC-C2D20CEDA0C7}.Debug|Any CPU.ActiveCfg = Debug|Any CPU
		{ABFFB5A8-91FD-49FC-BFFC-C2D20CEDA0C7}.Debug|Any CPU.Build.0 = Debug|Any CPU
		{ABFFB5A8-91FD-49FC-BFFC-C2D20CEDA0C7}.Release|Any CPU.ActiveCfg = Release|Any CPU
		{ABFFB5A8-91FD-49FC-BFFC-C2D20CEDA0C7}.Release|Any CPU.Build.0 = Release|Any CPU
	EndGlobalSection
	GlobalSection(SolutionProperties) = preSolution
		HideSolutionNode = FALSE
	EndGlobalSection
	GlobalSection(ExtensibilityGlobals) = postSolution
		SolutionGuid = {2E46EE32-81FA-478A-95E4-441BF956F4EF}
	EndGlobalSection
EndGlobal
